
Microsoft Visual Studio Solution File, Format Version 12.00
# Visual Studio Version 16
VisualStudioVersion = 16.0.29806.167
MinimumVisualStudioVersion = 10.0.40219.1
Project("{FAE04EC0-301F-11D3-BF4B-00C04F79EFBC}") = "HotelManagerReservationsPt3", "HotelManagerReservationsPt3.csproj", "{3C2D66F3-02E5-4E66-B943-9AD5D09F122E}"
EndProject
Global
	GlobalSection(SolutionConfigurationPlatforms) = preSolution
		Debug|Any CPU = Debug|Any CPU
		Release|Any CPU = Release|Any CPU
	EndGlobalSection
	GlobalSection(ProjectConfigurationPlatforms) = postSolution
		{3C2D66F3-02E5-4E66-B943-9AD5D09F122E}.Debug|Any CPU.ActiveCfg = Debug|Any CPU
		{3C2D66F3-02E5-4E66-B943-9AD5D09F122E}.Debug|Any CPU.Build.0 = Debug|Any CPU
		{3C2D66F3-02E5-4E66-B943-9AD5D09F122E}.Release|Any CPU.ActiveCfg = Release|Any CPU
		{3C2D66F3-02E5-4E66-B943-9AD5D09F122E}.Release|Any CPU.Build.0 = Release|Any CPU
	EndGlobalSection
	GlobalSection(SolutionProperties) = preSolution
		HideSolutionNode = FALSE
	EndGlobalSection
	GlobalSection(ExtensibilityGlobals) = postSolution
		SolutionGuid = {7A795264-345D-492D-BBE4-F07ACE17789B}
	EndGlobalSection
EndGlobal
